
Microsoft Visual Studio Solution File, Format Version 12.00
# Visual Studio Version 17
VisualStudioVersion = 17.5.33530.505
MinimumVisualStudioVersion = 10.0.40219.1
Project("{FAE04EC0-301F-11D3-BF4B-00C04F79EFBC}") = "Staggs_RoboDialer", "Staggs_RoboDialer\Staggs_RoboDialer.csproj", "{1DC0CAA5-AEDE-4DFB-8057-892319BFAF79}"
EndProject
Global
	GlobalSection(SolutionConfigurationPlatforms) = preSolution
		Debug|Any CPU = Debug|Any CPU
		Release|Any CPU = Release|Any CPU
	EndGlobalSection
	GlobalSection(ProjectConfigurationPlatforms) = postSolution
		{1DC0CAA5-AEDE-4DFB-8057-892319BFAF79}.Debug|Any CPU.ActiveCfg = Debug|Any CPU
		{1DC0CAA5-AEDE-4DFB-8057-892319BFAF79}.Debug|Any CPU.Build.0 = Debug|Any CPU
		{1DC0CAA5-AEDE-4DFB-8057-892319BFAF79}.Release|Any CPU.ActiveCfg = Release|Any CPU
		{1DC0CAA5-AEDE-4DFB-8057-892319BFAF79}.Release|Any CPU.Build.0 = Release|Any CPU
	EndGlobalSection
	GlobalSection(SolutionProperties) = preSolution
		HideSolutionNode = FALSE
	EndGlobalSection
	GlobalSection(ExtensibilityGlobals) = postSolution
		SolutionGuid = {67FD3D9C-67D4-404C-8C98-70E37F73C0FD}
	EndGlobalSection
EndGlobal
